
Microsoft Visual Studio Solution File, Format Version 12.00
# Visual Studio Version 16
VisualStudioVersion = 16.0.31321.278
MinimumVisualStudioVersion = 10.0.40219.1
Project("{FAE04EC0-301F-11D3-BF4B-00C04F79EFBC}") = "ServerSide", "server-side\ServerSide.csproj", "{26CC8D8C-D750-4A5C-8785-881E5E120C46}"
EndProject
Project("{FAE04EC0-301F-11D3-BF4B-00C04F79EFBC}") = "DAL", "DAL\DAL.csproj", "{858AA5DE-244D-4947-B747-769D3642032F}"
EndProject
Project("{FAE04EC0-301F-11D3-BF4B-00C04F79EFBC}") = "Entities", "Entities\Entities.csproj", "{57AE7CD7-7383-4D9D-8779-6F2B6A19B482}"
EndProject
Project("{FAE04EC0-301F-11D3-BF4B-00C04F79EFBC}") = "Repositories", "Repositories\Repositories.csproj", "{3253BF91-83F3-4FEF-BDCF-FDEC96D5E574}"
EndProject
Global
	GlobalSection(SolutionConfigurationPlatforms) = preSolution
		Debug|Any CPU = Debug|Any CPU
		Release|Any CPU = Release|Any CPU
	EndGlobalSection
	GlobalSection(ProjectConfigurationPlatforms) = postSolution
		{26CC8D8C-D750-4A5C-8785-881E5E120C46}.Debug|Any CPU.ActiveCfg = Debug|Any CPU
		{26CC8D8C-D750-4A5C-8785-881E5E120C46}.Debug|Any CPU.Build.0 = Debug|Any CPU
		{26CC8D8C-D750-4A5C-8785-881E5E120C46}.Release|Any CPU.ActiveCfg = Release|Any CPU
		{26CC8D8C-D750-4A5C-8785-881E5E120C46}.Release|Any CPU.Build.0 = Release|Any CPU
		{858AA5DE-244D-4947-B747-769D3642032F}.Debug|Any CPU.ActiveCfg = Debug|Any CPU
		{858AA5DE-244D-4947-B747-769D3642032F}.Debug|Any CPU.Build.0 = Debug|Any CPU
		{858AA5DE-244D-4947-B747-769D3642032F}.Release|Any CPU.ActiveCfg = Release|Any CPU
		{858AA5DE-244D-4947-B747-769D3642032F}.Release|Any CPU.Build.0 = Release|Any CPU
		{57AE7CD7-7383-4D9D-8779-6F2B6A19B482}.Debug|Any CPU.ActiveCfg = Debug|Any CPU
		{57AE7CD7-7383-4D9D-8779-6F2B6A19B482}.Debug|Any CPU.Build.0 = Debug|Any CPU
		{57AE7CD7-7383-4D9D-8779-6F2B6A19B482}.Release|Any CPU.ActiveCfg = Release|Any CPU
		{57AE7CD7-7383-4D9D-8779-6F2B6A19B482}.Release|Any CPU.Build.0 = Release|Any CPU
		{3253BF91-83F3-4FEF-BDCF-FDEC96D5E574}.Debug|Any CPU.ActiveCfg = Debug|Any CPU
		{3253BF91-83F3-4FEF-BDCF-FDEC96D5E574}.Debug|Any CPU.Build.0 = Debug|Any CPU
		{3253BF91-83F3-4FEF-BDCF-FDEC96D5E574}.Release|Any CPU.ActiveCfg = Release|Any CPU
		{3253BF91-83F3-4FEF-BDCF-FDEC96D5E574}.Release|Any CPU.Build.0 = Release|Any CPU
	EndGlobalSection
	GlobalSection(SolutionProperties) = preSolution
		HideSolutionNode = FALSE
	EndGlobalSection
	GlobalSection(ExtensibilityGlobals) = postSolution
		SolutionGuid = {FB227E38-7401-4049-9BE5-63AD19866471}
	EndGlobalSection
EndGlobal
